
Microsoft Visual Studio Solution File, Format Version 12.00
# Visual Studio Version 17
VisualStudioVersion = 17.8.34511.84
MinimumVisualStudioVersion = 10.0.40219.1
Project("{FAE04EC0-301F-11D3-BF4B-00C04F79EFBC}") = "KaamelottSampler", "KaamelottSampler.csproj", "{1CDA938A-66CA-4EF3-BE7F-31D50BBBD24A}"
EndProject
Global
	GlobalSection(SolutionConfigurationPlatforms) = preSolution
		Debug|Any CPU = Debug|Any CPU
		Release|Any CPU = Release|Any CPU
	EndGlobalSection
	GlobalSection(ProjectConfigurationPlatforms) = postSolution
		{1CDA938A-66CA-4EF3-BE7F-31D50BBBD24A}.Debug|Any CPU.ActiveCfg = Debug|Any CPU
		{1CDA938A-66CA-4EF3-BE7F-31D50BBBD24A}.Debug|Any CPU.Build.0 = Debug|Any CPU
		{1CDA938A-66CA-4EF3-BE7F-31D50BBBD24A}.Debug|Any CPU.Deploy.0 = Debug|Any CPU
		{1CDA938A-66CA-4EF3-BE7F-31D50BBBD24A}.Release|Any CPU.ActiveCfg = Release|Any CPU
		{1CDA938A-66CA-4EF3-BE7F-31D50BBBD24A}.Release|Any CPU.Build.0 = Release|Any CPU
		{1CDA938A-66CA-4EF3-BE7F-31D50BBBD24A}.Release|Any CPU.Deploy.0 = Release|Any CPU
	EndGlobalSection
	GlobalSection(SolutionProperties) = preSolution
		HideSolutionNode = FALSE
	EndGlobalSection
	GlobalSection(ExtensibilityGlobals) = postSolution
		SolutionGuid = {4065388E-3A5A-4952-9D3A-9B71A95A40EC}
	EndGlobalSection
EndGlobal
